{
  "name": "@kmotion/animation",
  "version": "0.1.1",
  "lockfileVersion": 3,
  "requires": true,
  "packages": {
    "": {
      "name": "@kmotion/animation",
      "version": "0.1.1",
      "license": "MIT",
      "dependencies": {
        "@kmotion/animation": "^0.1.1"
      },
      "peerDependencies": {
        "react": ">=17",
        "solid-js": ">=1",
        "vue": ">=3"
      },
      "peerDependenciesMeta": {
        "react": {
          "optional": true
        },
        "solid-js": {
          "optional": true
        },
        "vue": {
          "optional": true
        }
      }
    },
    "node_modules/@kmotion/animation": {
      "version": "0.1.1",
      "resolved": "https://registry.npmjs.org/@kmotion/animation/-/animation-0.1.1.tgz",
      "integrity": "sha512-hnZcKsLHKF8ixCCQpIZrzlXVfPcAWGD3gN41Q+4lAOtqiNaG3WXUP9crHrTzG0uvduH0ImXfYvxrlGXvtlDmNw==",
      "license": "MIT",
      "peerDependencies": {
        "react": ">=17",
        "solid-js": ">=1",
        "vue": ">=3"
      },
      "peerDependenciesMeta": {
        "react": {
          "optional": true
        },
        "solid-js": {
          "optional": true
        },
        "vue": {
          "optional": true
        }
      }
    }
  }
}
